// !$*UTF8*$!
{
	archiveVersion = 1;
	classes = {
	};
	objectVersion = 51;
	objects = {

/* Begin PBXBuildFile section */
		250FB19522C56FA2007D4411 /* MoviesGridViewController.m in Sources */ = {isa = PBXBuildFile; fileRef = 250FB19422C56FA2007D4411 /* MoviesGridViewController.m */; };
		250FB19822C5742C007D4411 /* MovieCollectionCell.m in Sources */ = {isa = PBXBuildFile; fileRef = 250FB19722C5742C007D4411 /* MovieCollectionCell.m */; };
		250FB19B22C6A69E007D4411 /* TrailerViewController.m in Sources */ = {isa = PBXBuildFile; fileRef = 250FB19A22C6A69E007D4411 /* TrailerViewController.m */; };
		25ECAFBB22C3EB1D006394B9 /* AppDelegate.m in Sources */ = {isa = PBXBuildFile; fileRef = 25ECAFBA22C3EB1D006394B9 /* AppDelegate.m */; };
		25ECAFC122C3EB1D006394B9 /* Main.storyboard in Resources */ = {isa = PBXBuildFile; fileRef = 25ECAFBF22C3EB1D006394B9 /* Main.storyboard */; };
		25ECAFC322C3EB1D006394B9 /* Assets.xcassets in Resources */ = {isa = PBXBuildFile; fileRef = 25ECAFC222C3EB1D006394B9 /* Assets.xcassets */; };
		25ECAFC622C3EB1D006394B9 /* LaunchScreen.storyboard in Resources */ = {isa = PBXBuildFile; fileRef = 25ECAFC422C3EB1D006394B9 /* LaunchScreen.storyboard */; };
		25ECAFC922C3EB1D006394B9 /* main.m in Sources */ = {isa = PBXBuildFile; fileRef = 25ECAFC822C3EB1D006394B9 /* main.m */; };
		25ECAFD322C3EB1D006394B9 /* flixsterTests.m in Sources */ = {isa = PBXBuildFile; fileRef = 25ECAFD222C3EB1D006394B9 /* flixsterTests.m */; };
		25ECAFDE22C3EB1D006394B9 /* flixsterUITests.m in Sources */ = {isa = PBXBuildFile; fileRef = 25ECAFDD22C3EB1D006394B9 /* flixsterUITests.m */; };
		25ECAFED22C400A9006394B9 /* MoviesViewController.m in Sources */ = {isa = PBXBuildFile; fileRef = 25ECAFEC22C400A9006394B9 /* MoviesViewController.m */; };
		25ECAFF322C43359006394B9 /* MovieCell.m in Sources */ = {isa = PBXBuildFile; fileRef = 25ECAFF222C43359006394B9 /* MovieCell.m */; };
		25ECAFF622C44A71006394B9 /* DetailsViewController.m in Sources */ = {isa = PBXBuildFile; fileRef = 25ECAFF522C44A71006394B9 /* DetailsViewController.m */; };
		6BD5F434E0DDE5536B39F261 /* Pods_flixster.framework in Frameworks */ = {isa = PBXBuildFile; fileRef = 1CB39A09B3D8CF66ADEF6560 /* Pods_flixster.framework */; };
		6CBCA8E3D4341A310452A381 /* Pods_flixsterUITests.framework in Frameworks */ = {isa = PBXBuildFile; fileRef = 246110521284B3E8D5877CF2 /* Pods_flixsterUITests.framework */; };
		C1AFD4FD1301FAFDAED90BFB /* Pods_flixsterTests.framework in Frameworks */ = {isa = PBXBuildFile; fileRef = C7F41AE84F982D9D9948D2D6 /* Pods_flixsterTests.framework */; };
/* End PBXBuildFile section */

/* Begin PBXContainerItemProxy section */
		25ECAFCF22C3EB1D006394B9 /* PBXContainerItemProxy */ = {
			isa = PBXContainerItemProxy;
			containerPortal = 25ECAFAE22C3EB1D006394B9 /* Project object */;
			proxyType = 1;
			remoteGlobalIDString = 25ECAFB522C3EB1D006394B9;
			remoteInfo = flixster;
		};
		25ECAFDA22C3EB1D006394B9 /* PBXContainerItemProxy */ = {
			isa = PBXContainerItemProxy;
			containerPortal = 25ECAFAE22C3EB1D006394B9 /* Project object */;
			proxyType = 1;
			remoteGlobalIDString = 25ECAFB522C3EB1D006394B9;
			remoteInfo = flixster;
		};
/* End PBXContainerItemProxy section */

/* Begin PBXFileReference section */
		0B5A3C56D7498E85A79A6762 /* Pods-flixsterUITests.debug.xcconfig */ = {isa = PBXFileReference; includeInIndex = 1; lastKnownFileType = text.xcconfig; name = "Pods-flixsterUITests.debug.xcconfig"; path = "Target Support Files/Pods-flixsterUITests/Pods-flixsterUITests.debug.xcconfig"; sourceTree = "<group>"; };
		186BEB50F5463CA6A4373E26 /* Pods-flixster.debug.xcconfig */ = {isa = PBXFileReference; includeInIndex = 1; lastKnownFileType = text.xcconfig; name = "Pods-flixster.debug.xcconfig"; path = "Target Support Files/Pods-flixster/Pods-flixster.debug.xcconfig"; sourceTree = "<group>"; };
		1CB39A09B3D8CF66ADEF6560 /* Pods_flixster.framework */ = {isa = PBXFileReference; explicitFileType = wrapper.framework; includeInIndex = 0; path = Pods_flixster.framework; sourceTree = BUILT_PRODUCTS_DIR; };
		246110521284B3E8D5877CF2 /* Pods_flixsterUITests.framework */ = {isa = PBXFileReference; explicitFileType = wrapper.framework; includeInIndex = 0; path = Pods_flixsterUITests.framework; sourceTree = BUILT_PRODUCTS_DIR; };
		250FB19322C56FA2007D4411 /* MoviesGridViewController.h */ = {isa = PBXFileReference; lastKnownFileType = sourcecode.c.h; path = MoviesGridViewController.h; sourceTree = "<group>"; };
		250FB19422C56FA2007D4411 /* MoviesGridViewController.m */ = {isa = PBXFileReference; lastKnownFileType = sourcecode.c.objc; path = MoviesGridViewController.m; sourceTree = "<group>"; };
		250FB19622C5742C007D4411 /* MovieCollectionCell.h */ = {isa = PBXFileReference; lastKnownFileType = sourcecode.c.h; path = MovieCollectionCell.h; sourceTree = "<group>"; };
		250FB19722C5742C007D4411 /* MovieCollectionCell.m */ = {isa = PBXFileReference; lastKnownFileType = sourcecode.c.objc; path = MovieCollectionCell.m; sourceTree = "<group>"; };
		250FB19922C6A69E007D4411 /* TrailerViewController.h */ = {isa = PBXFileReference; lastKnownFileType = sourcecode.c.h; path = TrailerViewController.h; sourceTree = "<group>"; };
		250FB19A22C6A69E007D4411 /* TrailerViewController.m */ = {isa = PBXFileReference; lastKnownFileType = sourcecode.c.objc; path = TrailerViewController.m; sourceTree = "<group>"; };
		25ECAFB622C3EB1D006394B9 /* flixster.app */ = {isa = PBXFileReference; explicitFileType = wrapper.application; includeInIndex = 0; path = flixster.app; sourceTree = BUILT_PRODUCTS_DIR; };
		25ECAFB922C3EB1D006394B9 /* AppDelegate.h */ = {isa = PBXFileReference; lastKnownFileType = sourcecode.c.h; path = AppDelegate.h; sourceTree = "<group>"; };
		25ECAFBA22C3EB1D006394B9 /* AppDelegate.m */ = {isa = PBXFileReference; lastKnownFileType = sourcecode.c.objc; path = AppDelegate.m; sourceTree = "<group>"; };
		25ECAFC022C3EB1D006394B9 /* Base */ = {isa = PBXFileReference; lastKnownFileType = file.storyboard; name = Base; path = Base.lproj/Main.storyboard; sourceTree = "<group>"; };
		25ECAFC222C3EB1D006394B9 /* Assets.xcassets */ = {isa = PBXFileReference; lastKnownFileType = folder.assetcatalog; path = Assets.xcassets; sourceTree = "<group>"; };
		25ECAFC522C3EB1D006394B9 /* Base */ = {isa = PBXFileReference; lastKnownFileType = file.storyboard; name = Base; path = Base.lproj/LaunchScreen.storyboard; sourceTree = "<group>"; };
		25ECAFC722C3EB1D006394B9 /* Info.plist */ = {isa = PBXFileReference; lastKnownFileType = text.plist.xml; path = Info.plist; sourceTree = "<group>"; };
		25ECAFC822C3EB1D006394B9 /* main.m */ = {isa = PBXFileReference; lastKnownFileType = sourcecode.c.objc; path = main.m; sourceTree = "<group>"; };
		25ECAFCE22C3EB1D006394B9 /* flixsterTests.xctest */ = {isa = PBXFileReference; explicitFileType = wrapper.cfbundle; includeInIndex = 0; path = flixsterTests.xctest; sourceTree = BUILT_PRODUCTS_DIR; };
		25ECAFD222C3EB1D006394B9 /* flixsterTests.m */ = {isa = PBXFileReference; lastKnownFileType = sourcecode.c.objc; path = flixsterTests.m; sourceTree = "<group>"; };
		25ECAFD422C3EB1D006394B9 /* Info.plist */ = {isa = PBXFileReference; lastKnownFileType = text.plist.xml; path = Info.plist; sourceTree = "<group>"; };
		25ECAFD922C3EB1D006394B9 /* flixsterUITests.xctest */ = {isa = PBXFileReference; explicitFileType = wrapper.cfbundle; includeInIndex = 0; path = flixsterUITests.xctest; sourceTree = BUILT_PRODUCTS_DIR; };
		25ECAFDD22C3EB1D006394B9 /* flixsterUITests.m */ = {isa = PBXFileReference; lastKnownFileType = sourcecode.c.objc; path = flixsterUITests.m; sourceTree = "<group>"; };
		25ECAFDF22C3EB1D006394B9 /* Info.plist */ = {isa = PBXFileReference; lastKnownFileType = text.plist.xml; path = Info.plist; sourceTree = "<group>"; };
		25ECAFEB22C400A9006394B9 /* MoviesViewController.h */ = {isa = PBXFileReference; lastKnownFileType = sourcecode.c.h; path = MoviesViewController.h; sourceTree = "<group>"; };
		25ECAFEC22C400A9006394B9 /* MoviesViewController.m */ = {isa = PBXFileReference; lastKnownFileType = sourcecode.c.objc; path = MoviesViewController.m; sourceTree = "<group>"; };
		25ECAFF122C43359006394B9 /* MovieCell.h */ = {isa = PBXFileReference; lastKnownFileType = sourcecode.c.h; path = MovieCell.h; sourceTree = "<group>"; };
		25ECAFF222C43359006394B9 /* MovieCell.m */ = {isa = PBXFileReference; lastKnownFileType = sourcecode.c.objc; path = MovieCell.m; sourceTree = "<group>"; };
		25ECAFF422C44A71006394B9 /* DetailsViewController.h */ = {isa = PBXFileReference; lastKnownFileType = sourcecode.c.h; path = DetailsViewController.h; sourceTree = "<group>"; };
		25ECAFF522C44A71006394B9 /* DetailsViewController.m */ = {isa = PBXFileReference; lastKnownFileType = sourcecode.c.objc; path = DetailsViewController.m; sourceTree = "<group>"; };
		581A7BE629F0CAB6E3485512 /* Pods-flixsterTests.release.xcconfig */ = {isa = PBXFileReference; includeInIndex = 1; lastKnownFileType = text.xcconfig; name = "Pods-flixsterTests.release.xcconfig"; path = "Target Support Files/Pods-flixsterTests/Pods-flixsterTests.release.xcconfig"; sourceTree = "<group>"; };
		69E4E1DEB4B36B03BE9AB65F /* Pods-flixsterTests.debug.xcconfig */ = {isa = PBXFileReference; includeInIndex = 1; lastKnownFileType = text.xcconfig; name = "Pods-flixsterTests.debug.xcconfig"; path = "Target Support Files/Pods-flixsterTests/Pods-flixsterTests.debug.xcconfig"; sourceTree = "<group>"; };
		A009852177EB5ECCA0B6FD77 /* Pods-flixster.release.xcconfig */ = {isa = PBXFileReference; includeInIndex = 1; lastKnownFileType = text.xcconfig; name = "Pods-flixster.release.xcconfig"; path = "Target Support Files/Pods-flixster/Pods-flixster.release.xcconfig"; sourceTree = "<group>"; };
		C7F41AE84F982D9D9948D2D6 /* Pods_flixsterTests.framework */ = {isa = PBXFileReference; explicitFileType = wrapper.framework; includeInIndex = 0; path = Pods_flixsterTests.framework; sourceTree = BUILT_PRODUCTS_DIR; };
		FE49E0B1E4F8B8BAA18A714A /* Pods-flixsterUITests.release.xcconfig */ = {isa = PBXFileReference; includeInIndex = 1; lastKnownFileType = text.xcconfig; name = "Pods-flixsterUITests.release.xcconfig"; path = "Target Support Files/Pods-flixsterUITests/Pods-flixsterUITests.release.xcconfig"; sourceTree = "<group>"; };
/* End PBXFileReference section */

/* Begin PBXFrameworksBuildPhase section */
		25ECAFB322C3EB1D006394B9 /* Frameworks */ = {
			isa = PBXFrameworksBuildPhase;
			buildActionMask = 2147483647;
			files = (
				6BD5F434E0DDE5536B39F261 /* Pods_flixster.framework in Frameworks */,
			);
			runOnlyForDeploymentPostprocessing = 0;
		};
		25ECAFCB22C3EB1D006394B9 /* Frameworks */ = {
			isa = PBXFrameworksBuildPhase;
			buildActionMask = 2147483647;
			files = (
				C1AFD4FD1301FAFDAED90BFB /* Pods_flixsterTests.framework in Frameworks */,
			);
			runOnlyForDeploymentPostprocessing = 0;
		};
		25ECAFD622C3EB1D006394B9 /* Frameworks */ = {
			isa = PBXFrameworksBuildPhase;
			buildActionMask = 2147483647;
			files = (
				6CBCA8E3D4341A310452A381 /* Pods_flixsterUITests.framework in Frameworks */,
			);
			runOnlyForDeploymentPostprocessing = 0;
		};
/* End PBXFrameworksBuildPhase section */

/* Begin PBXGroup section */
		25ECAFAD22C3EB1D006394B9 = {
			isa = PBXGroup;
			children = (
				25ECAFB822C3EB1D006394B9 /* flixster */,
				25ECAFDC22C3EB1D006394B9 /* flixsterUITests */,
				25ECAFB722C3EB1D006394B9 /* Products */,
				883122AA9F682545613D83A4 /* Pods */,
				F99B0E5E3FA5C227FCBB6032 /* Frameworks */,
			);
			sourceTree = "<group>";
		};
		25ECAFB722C3EB1D006394B9 /* Products */ = {
			isa = PBXGroup;
			children = (
				25ECAFB622C3EB1D006394B9 /* flixster.app */,
				25ECAFCE22C3EB1D006394B9 /* flixsterTests.xctest */,
				25ECAFD922C3EB1D006394B9 /* flixsterUITests.xctest */,
			);
			name = Products;
			sourceTree = "<group>";
		};
		25ECAFB822C3EB1D006394B9 /* flixster */ = {
			isa = PBXGroup;
			children = (
				25ECAFF022C401AE006394B9 /* Models */,
				25ECAFEF22C4019C006394B9 /* Views */,
				25ECAFEE22C40187006394B9 /* View Controllers */,
				25ECAFB922C3EB1D006394B9 /* AppDelegate.h */,
				25ECAFBA22C3EB1D006394B9 /* AppDelegate.m */,
				25ECAFBF22C3EB1D006394B9 /* Main.storyboard */,
				25ECAFF122C43359006394B9 /* MovieCell.h */,
				25ECAFF222C43359006394B9 /* MovieCell.m */,
				25ECAFC222C3EB1D006394B9 /* Assets.xcassets */,
				25ECAFC422C3EB1D006394B9 /* LaunchScreen.storyboard */,
				25ECAFC722C3EB1D006394B9 /* Info.plist */,
				25ECAFC822C3EB1D006394B9 /* main.m */,
				25ECAFD122C3EB1D006394B9 /* flixsterTests */,
			);
			path = flixster;
			sourceTree = "<group>";
		};
		25ECAFD122C3EB1D006394B9 /* flixsterTests */ = {
			isa = PBXGroup;
			children = (
				25ECAFD222C3EB1D006394B9 /* flixsterTests.m */,
				25ECAFD422C3EB1D006394B9 /* Info.plist */,
			);
			path = flixsterTests;
			sourceTree = "<group>";
		};
		25ECAFDC22C3EB1D006394B9 /* flixsterUITests */ = {
			isa = PBXGroup;
			children = (
				25ECAFDD22C3EB1D006394B9 /* flixsterUITests.m */,
				25ECAFDF22C3EB1D006394B9 /* Info.plist */,
			);
			path = flixsterUITests;
			sourceTree = "<group>";
		};
		25ECAFEE22C40187006394B9 /* View Controllers */ = {
			isa = PBXGroup;
			children = (
				250FB19322C56FA2007D4411 /* MoviesGridViewController.h */,
				250FB19422C56FA2007D4411 /* MoviesGridViewController.m */,
				25ECAFEC22C400A9006394B9 /* MoviesViewController.m */,
				25ECAFEB22C400A9006394B9 /* MoviesViewController.h */,
				25ECAFF422C44A71006394B9 /* DetailsViewController.h */,
				25ECAFF522C44A71006394B9 /* DetailsViewController.m */,
				250FB19922C6A69E007D4411 /* TrailerViewController.h */,
				250FB19A22C6A69E007D4411 /* TrailerViewController.m */,
			);
			path = "View Controllers";
			sourceTree = "<group>";
		};
		25ECAFEF22C4019C006394B9 /* Views */ = {
			isa = PBXGroup;
			children = (
				250FB19622C5742C007D4411 /* MovieCollectionCell.h */,
				250FB19722C5742C007D4411 /* MovieCollectionCell.m */,
			);
			path = Views;
			sourceTree = "<group>";
		};
		25ECAFF022C401AE006394B9 /* Models */ = {
			isa = PBXGroup;
			children = (
			);
			path = Models;
			sourceTree = "<group>";
		};
		883122AA9F682545613D83A4 /* Pods */ = {
			isa = PBXGroup;
			children = (
				186BEB50F5463CA6A4373E26 /* Pods-flixster.debug.xcconfig */,
				A009852177EB5ECCA0B6FD77 /* Pods-flixster.release.xcconfig */,
				69E4E1DEB4B36B03BE9AB65F /* Pods-flixsterTests.debug.xcconfig */,
				581A7BE629F0CAB6E3485512 /* Pods-flixsterTests.release.xcconfig */,
				0B5A3C56D7498E85A79A6762 /* Pods-flixsterUITests.debug.xcconfig */,
				FE49E0B1E4F8B8BAA18A714A /* Pods-flixsterUITests.release.xcconfig */,
			);
			path = Pods;
			sourceTree = "<group>";
		};
		F99B0E5E3FA5C227FCBB6032 /* Frameworks */ = {
			isa = PBXGroup;
			children = (
				1CB39A09B3D8CF66ADEF6560 /* Pods_flixster.framework */,
				C7F41AE84F982D9D9948D2D6 /* Pods_flixsterTests.framework */,
				246110521284B3E8D5877CF2 /* Pods_flixsterUITests.framework */,
			);
			name = Frameworks;
			sourceTree = "<group>";
		};
/* End PBXGroup section */

/* Begin PBXNativeTarget section */
		25ECAFB522C3EB1D006394B9 /* flixster */ = {
			isa = PBXNativeTarget;
			buildConfigurationList = 25ECAFE222C3EB1D006394B9 /* Build configuration list for PBXNativeTarget "flixster" */;
			buildPhases = (
				B28A3D266CA4834BDE537FBA /* [CP] Check Pods Manifest.lock */,
				25ECAFB222C3EB1D006394B9 /* Sources */,
				25ECAFB322C3EB1D006394B9 /* Frameworks */,
				25ECAFB422C3EB1D006394B9 /* Resources */,
				AAC3713C51CBB57814BF6149 /* [CP] Embed Pods Frameworks */,
			);
			buildRules = (
			);
			dependencies = (
			);
			name = flixster;
			productName = flixster;
			productReference = 25ECAFB622C3EB1D006394B9 /* flixster.app */;
			productType = "com.apple.product-type.application";
		};
		25ECAFCD22C3EB1D006394B9 /* flixsterTests */ = {
			isa = PBXNativeTarget;
			buildConfigurationList = 25ECAFE522C3EB1D006394B9 /* Build configuration list for PBXNativeTarget "flixsterTests" */;
			buildPhases = (
				6BCDD27F7F1CB9149305FC6C /* [CP] Check Pods Manifest.lock */,
				25ECAFCA22C3EB1D006394B9 /* Sources */,
				25ECAFCB22C3EB1D006394B9 /* Frameworks */,
				25ECAFCC22C3EB1D006394B9 /* Resources */,
			);
			buildRules = (
			);
			dependencies = (
				25ECAFD022C3EB1D006394B9 /* PBXTargetDependency */,
			);
			name = flixsterTests;
			productName = flixsterTests;
			productReference = 25ECAFCE22C3EB1D006394B9 /* flixsterTests.xctest */;
			productType = "com.apple.product-type.bundle.unit-test";
		};
		25ECAFD822C3EB1D006394B9 /* flixsterUITests */ = {
			isa = PBXNativeTarget;
			buildConfigurationList = 25ECAFE822C3EB1D006394B9 /* Build configuration list for PBXNativeTarget "flixsterUITests" */;
			buildPhases = (
				D516E6B0E2EF3263523F196D /* [CP] Check Pods Manifest.lock */,
				25ECAFD522C3EB1D006394B9 /* Sources */,
				25ECAFD622C3EB1D006394B9 /* Frameworks */,
				25ECAFD722C3EB1D006394B9 /* Resources */,
			);
			buildRules = (
			);
			dependencies = (
				25ECAFDB22C3EB1D006394B9 /* PBXTargetDependency */,
			);
			name = flixsterUITests;
			productName = flixsterUITests;
			productReference = 25ECAFD922C3EB1D006394B9 /* flixsterUITests.xctest */;
			productType = "com.apple.product-type.bundle.ui-testing";
		};
/* End PBXNativeTarget section */

/* Begin PBXProject section */
		25ECAFAE22C3EB1D006394B9 /* Project object */ = {
			isa = PBXProject;
			attributes = {
				LastUpgradeCheck = 1020;
				ORGANIZATIONNAME = frankboamps;
				TargetAttributes = {
					25ECAFB522C3EB1D006394B9 = {
						CreatedOnToolsVersion = 10.2.1;
					};
					25ECAFCD22C3EB1D006394B9 = {
						CreatedOnToolsVersion = 10.2.1;
						TestTargetID = 25ECAFB522C3EB1D006394B9;
					};
					25ECAFD822C3EB1D006394B9 = {
						CreatedOnToolsVersion = 10.2.1;
						TestTargetID = 25ECAFB522C3EB1D006394B9;
					};
				};
			};
			buildConfigurationList = 25ECAFB122C3EB1D006394B9 /* Build configuration list for PBXProject "flixster" */;
			compatibilityVersion = "Xcode 9.3";
			developmentRegion = en;
			hasScannedForEncodings = 0;
			knownRegions = (
				en,
				Base,
			);
			mainGroup = 25ECAFAD22C3EB1D006394B9;
			productRefGroup = 25ECAFB722C3EB1D006394B9 /* Products */;
			projectDirPath = "";
			projectRoot = "";
			targets = (
				25ECAFB522C3EB1D006394B9 /* flixster */,
				25ECAFCD22C3EB1D006394B9 /* flixsterTests */,
				25ECAFD822C3EB1D006394B9 /* flixsterUITests */,
			);
		};
/* End PBXProject section */

/* Begin PBXResourcesBuildPhase section */
		25ECAFB422C3EB1D006394B9 /* Resources */ = {
			isa = PBXResourcesBuildPhase;
			buildActionMask = 2147483647;
			files = (
				25ECAFC622C3EB1D006394B9 /* LaunchScreen.storyboard in Resources */,
				25ECAFC322C3EB1D006394B9 /* Assets.xcassets in Resources */,
				25ECAFC122C3EB1D006394B9 /* Main.storyboard in Resources */,
			);
			runOnlyForDeploymentPostprocessing = 0;
		};
		25ECAFCC22C3EB1D006394B9 /* Resources */ = {
			isa = PBXResourcesBuildPhase;
			buildActionMask = 2147483647;
			files = (
			);
			runOnlyForDeploymentPostprocessing = 0;
		};
		25ECAFD722C3EB1D006394B9 /* Resources */ = {
			isa = PBXResourcesBuildPhase;
			buildActionMask = 2147483647;
			files = (
			);
			runOnlyForDeploymentPostprocessing = 0;
		};
/* End PBXResourcesBuildPhase section */

/* Begin PBXShellScriptBuildPhase section */
		6BCDD27F7F1CB9149305FC6C /* [CP] Check Pods Manifest.lock */ = {
			isa = PBXShellScriptBuildPhase;
			buildActionMask = 2147483647;
			files = (
			);
			inputFileListPaths = (
			);
			inputPaths = (
				"${PODS_PODFILE_DIR_PATH}/Podfile.lock",
				"${PODS_ROOT}/Manifest.lock",
			);
			name = "[CP] Check Pods Manifest.lock";
			outputFileListPaths = (
			);
			outputPaths = (
				"$(DERIVED_FILE_DIR)/Pods-flixsterTests-checkManifestLockResult.txt",
			);
			runOnlyForDeploymentPostprocessing = 0;
			shellPath = /bin/sh;
			shellScript = "diff \"${PODS_PODFILE_DIR_PATH}/Podfile.lock\" \"${PODS_ROOT}/Manifest.lock\" > /dev/null\nif [ $? != 0 ] ; then\n    # print error to STDERR\n    echo \"error: The sandbox is not in sync with the Podfile.lock. Run 'pod install' or update your CocoaPods installation.\" >&2\n    exit 1\nfi\n# This output is used by Xcode 'outputs' to avoid re-running this script phase.\necho \"SUCCESS\" > \"${SCRIPT_OUTPUT_FILE_0}\"\n";
			showEnvVarsInLog = 0;
		};
		AAC3713C51CBB57814BF6149 /* [CP] Embed Pods Frameworks */ = {
			isa = PBXShellScriptBuildPhase;
			buildActionMask = 2147483647;
			files = (
			);
			inputFileListPaths = (
				"${PODS_ROOT}/Target Support Files/Pods-flixster/Pods-flixster-frameworks-${CONFIGURATION}-input-files.xcfilelist",
			);
			name = "[CP] Embed Pods Frameworks";
			outputFileListPaths = (
				"${PODS_ROOT}/Target Support Files/Pods-flixster/Pods-flixster-frameworks-${CONFIGURATION}-output-files.xcfilelist",
			);
			runOnlyForDeploymentPostprocessing = 0;
			shellPath = /bin/sh;
			shellScript = "\"${PODS_ROOT}/Target Support Files/Pods-flixster/Pods-flixster-frameworks.sh\"\n";
			showEnvVarsInLog = 0;
		};
		B28A3D266CA4834BDE537FBA /* [CP] Check Pods Manifest.lock */ = {
			isa = PBXShellScriptBuildPhase;
			buildActionMask = 2147483647;
			files = (
			);
			inputFileListPaths = (
			);
			inputPaths = (
				"${PODS_PODFILE_DIR_PATH}/Podfile.lock",
				"${PODS_ROOT}/Manifest.lock",
			);
			name = "[CP] Check Pods Manifest.lock";
			outputFileListPaths = (
			);
			outputPaths = (
				"$(DERIVED_FILE_DIR)/Pods-flixster-checkManifestLockResult.txt",
			);
			runOnlyForDeploymentPostprocessing = 0;
			shellPath = /bin/sh;
			shellScript = "diff \"${PODS_PODFILE_DIR_PATH}/Podfile.lock\" \"${PODS_ROOT}/Manifest.lock\" > /dev/null\nif [ $? != 0 ] ; then\n    # print error to STDERR\n    echo \"error: The sandbox is not in sync with the Podfile.lock. Run 'pod install' or update your CocoaPods installation.\" >&2\n    exit 1\nfi\n# This output is used by Xcode 'outputs' to avoid re-running this script phase.\necho \"SUCCESS\" > \"${SCRIPT_OUTPUT_FILE_0}\"\n";
			showEnvVarsInLog = 0;
		};
		D516E6B0E2EF3263523F196D /* [CP] Check Pods Manifest.lock */ = {
			isa = PBXShellScriptBuildPhase;
			buildActionMask = 2147483647;
			files = (
			);
			inputFileListPaths = (
			);
			inputPaths = (
				"${PODS_PODFILE_DIR_PATH}/Podfile.lock",
				"${PODS_ROOT}/Manifest.lock",
			);
			name = "[CP] Check Pods Manifest.lock";
			outputFileListPaths = (
			);
			outputPaths = (
				"$(DERIVED_FILE_DIR)/Pods-flixsterUITests-checkManifestLockResult.txt",
			);
			runOnlyForDeploymentPostprocessing = 0;
			shellPath = /bin/sh;
			shellScript = "diff \"${PODS_PODFILE_DIR_PATH}/Podfile.lock\" \"${PODS_ROOT}/Manifest.lock\" > /dev/null\nif [ $? != 0 ] ; then\n    # print error to STDERR\n    echo \"error: The sandbox is not in sync with the Podfile.lock. Run 'pod install' or update your CocoaPods installation.\" >&2\n    exit 1\nfi\n# This output is used by Xcode 'outputs' to avoid re-running this script phase.\necho \"SUCCESS\" > \"${SCRIPT_OUTPUT_FILE_0}\"\n";
			showEnvVarsInLog = 0;
		};
/* End PBXShellScriptBuildPhase section */

/* Begin PBXSourcesBuildPhase section */
		25ECAFB222C3EB1D006394B9 /* Sources */ = {
			isa = PBXSourcesBuildPhase;
			buildActionMask = 2147483647;
			files = (
				25ECAFC922C3EB1D006394B9 /* main.m in Sources */,
				25ECAFF622C44A71006394B9 /* DetailsViewController.m in Sources */,
				25ECAFBB22C3EB1D006394B9 /* AppDelegate.m in Sources */,
				250FB19822C5742C007D4411 /* MovieCollectionCell.m in Sources */,
				250FB19B22C6A69E007D4411 /* TrailerViewController.m in Sources */,
				25ECAFF322C43359006394B9 /* MovieCell.m in Sources */,
				25ECAFED22C400A9006394B9 /* MoviesViewController.m in Sources */,
				250FB19522C56FA2007D4411 /* MoviesGridViewController.m in Sources */,
			);
			runOnlyForDeploymentPostprocessing = 0;
		};
		25ECAFCA22C3EB1D006394B9 /* Sources */ = {
			isa = PBXSourcesBuildPhase;
			buildActionMask = 2147483647;
			files = (
				25ECAFD322C3EB1D006394B9 /* flixsterTests.m in Sources */,
			);
			runOnlyForDeploymentPostprocessing = 0;
		};
		25ECAFD522C3EB1D006394B9 /* Sources */ = {
			isa = PBXSourcesBuildPhase;
			buildActionMask = 2147483647;
			files = (
				25ECAFDE22C3EB1D006394B9 /* flixsterUITests.m in Sources */,
			);
			runOnlyForDeploymentPostprocessing = 0;
		};
/* End PBXSourcesBuildPhase section */

/* Begin PBXTargetDependency section */
		25ECAFD022C3EB1D006394B9 /* PBXTargetDependency */ = {
			isa = PBXTargetDependency;
			target = 25ECAFB522C3EB1D006394B9 /* flixster */;
			targetProxy = 25ECAFCF22C3EB1D006394B9 /* PBXContainerItemProxy */;
		};
		25ECAFDB22C3EB1D006394B9 /* PBXTargetDependency */ = {
			isa = PBXTargetDependency;
			target = 25ECAFB522C3EB1D006394B9 /* flixster */;
			targetProxy = 25ECAFDA22C3EB1D006394B9 /* PBXContainerItemProxy */;
		};
/* End PBXTargetDependency section */

/* Begin PBXVariantGroup section */
		25ECAFBF22C3EB1D006394B9 /* Main.storyboard */ = {
			isa = PBXVariantGroup;
			children = (
				25ECAFC022C3EB1D006394B9 /* Base */,
			);
			name = Main.storyboard;
			sourceTree = "<group>";
		};
		25ECAFC422C3EB1D006394B9 /* LaunchScreen.storyboard */ = {
			isa = PBXVariantGroup;
			children = (
				25ECAFC522C3EB1D006394B9 /* Base */,
			);
			name = LaunchScreen.storyboard;
			sourceTree = "<group>";
		};
/* End PBXVariantGroup section */

/* Begin XCBuildConfiguration section */
		25ECAFE022C3EB1D006394B9 /* Debug */ = {
			isa = XCBuildConfiguration;
			buildSettings = {
				ALWAYS_SEARCH_USER_PATHS = NO;
				CLANG_ANALYZER_NONNULL = YES;
				CLANG_ANALYZER_NUMBER_OBJECT_CONVERSION = YES_AGGRESSIVE;
				CLANG_CXX_LANGUAGE_STANDARD = "gnu++14";
				CLANG_CXX_LIBRARY = "libc++";
				CLANG_ENABLE_MODULES = YES;
				CLANG_ENABLE_OBJC_ARC = YES;
				CLANG_ENABLE_OBJC_WEAK = YES;
				CLANG_WARN_BLOCK_CAPTURE_AUTORELEASING = YES;
				CLANG_WARN_BOOL_CONVERSION = YES;
				CLANG_WARN_COMMA = YES;
				CLANG_WARN_CONSTANT_CONVERSION = YES;
				CLANG_WARN_DEPRECATED_OBJC_IMPLEMENTATIONS = YES;
				CLANG_WARN_DIRECT_OBJC_ISA_USAGE = YES_ERROR;
				CLANG_WARN_DOCUMENTATION_COMMENTS = YES;
				CLANG_WARN_EMPTY_BODY = YES;
				CLANG_WARN_ENUM_CONVERSION = YES;
				CLANG_WARN_INFINITE_RECURSION = YES;
				CLANG_WARN_INT_CONVERSION = YES;
				CLANG_WARN_NON_LITERAL_NULL_CONVERSION = YES;
				CLANG_WARN_OBJC_IMPLICIT_RETAIN_SELF = YES;
				CLANG_WARN_OBJC_LITERAL_CONVERSION = YES;
				CLANG_WARN_OBJC_ROOT_CLASS = YES_ERROR;
				CLANG_WARN_RANGE_LOOP_ANALYSIS = YES;
				CLANG_WARN_STRICT_PROTOTYPES = YES;
				CLANG_WARN_SUSPICIOUS_MOVE = YES;
				CLANG_WARN_UNGUARDED_AVAILABILITY = YES_AGGRESSIVE;
				CLANG_WARN_UNREACHABLE_CODE = YES;
				CLANG_WARN__DUPLICATE_METHOD_MATCH = YES;
				CODE_SIGN_IDENTITY = "iPhone Developer";
				COPY_PHASE_STRIP = NO;
				DEBUG_INFORMATION_FORMAT = dwarf;
				ENABLE_STRICT_OBJC_MSGSEND = YES;
				ENABLE_TESTABILITY = YES;
				GCC_C_LANGUAGE_STANDARD = gnu11;
				GCC_DYNAMIC_NO_PIC = NO;
				GCC_NO_COMMON_BLOCKS = YES;
				GCC_OPTIMIZATION_LEVEL = 0;
				GCC_PREPROCESSOR_DEFINITIONS = (
					"DEBUG=1",
					"$(inherited)",
				);
				GCC_WARN_64_TO_32_BIT_CONVERSION = YES;
				GCC_WARN_ABOUT_RETURN_TYPE = YES_ERROR;
				GCC_WARN_UNDECLARED_SELECTOR = YES;
				GCC_WARN_UNINITIALIZED_AUTOS = YES_AGGRESSIVE;
				GCC_WARN_UNUSED_FUNCTION = YES;
				GCC_WARN_UNUSED_VARIABLE = YES;
				IPHONEOS_DEPLOYMENT_TARGET = 12.2;
				MTL_ENABLE_DEBUG_INFO = INCLUDE_SOURCE;
				MTL_FAST_MATH = YES;
				ONLY_ACTIVE_ARCH = YES;
				SDKROOT = iphoneos;
			};
			name = Debug;
		};
		25ECAFE122C3EB1D006394B9 /* Release */ = {
			isa = XCBuildConfiguration;
			buildSettings = {
				ALWAYS_SEARCH_USER_PATHS = NO;
				CLANG_ANALYZER_NONNULL = YES;
				CLANG_ANALYZER_NUMBER_OBJECT_CONVERSION = YES_AGGRESSIVE;
				CLANG_CXX_LANGUAGE_STANDARD = "gnu++14";
				CLANG_CXX_LIBRARY = "libc++";
				CLANG_ENABLE_MODULES = YES;
				CLANG_ENABLE_OBJC_ARC = YES;
				CLANG_ENABLE_OBJC_WEAK = YES;
				CLANG_WARN_BLOCK_CAPTURE_AUTORELEASING = YES;
				CLANG_WARN_BOOL_CONVERSION = YES;
				CLANG_WARN_COMMA = YES;
				CLANG_WARN_CONSTANT_CONVERSION = YES;
				CLANG_WARN_DEPRECATED_OBJC_IMPLEMENTATIONS = YES;
				CLANG_WARN_DIRECT_OBJC_ISA_USAGE = YES_ERROR;
				CLANG_WARN_DOCUMENTATION_COMMENTS = YES;
				CLANG_WARN_EMPTY_BODY = YES;
				CLANG_WARN_ENUM_CONVERSION = YES;
				CLANG_WARN_INFINITE_RECURSION = YES;
				CLANG_WARN_INT_CONVERSION = YES;
				CLANG_WARN_NON_LITERAL_NULL_CONVERSION = YES;
				CLANG_WARN_OBJC_IMPLICIT_RETAIN_SELF = YES;
				CLANG_WARN_OBJC_LITERAL_CONVERSION = YES;
				CLANG_WARN_OBJC_ROOT_CLASS = YES_ERROR;
				CLANG_WARN_RANGE_LOOP_ANALYSIS = YES;
				CLANG_WARN_STRICT_PROTOTYPES = YES;
				CLANG_WARN_SUSPICIOUS_MOVE = YES;
				CLANG_WARN_UNGUARDED_AVAILABILITY = YES_AGGRESSIVE;
				CLANG_WARN_UNREACHABLE_CODE = YES;
				CLANG_WARN__DUPLICATE_METHOD_MATCH = YES;
				CODE_SIGN_IDENTITY = "iPhone Developer";
				COPY_PHASE_STRIP = NO;
				DEBUG_INFORMATION_FORMAT = "dwarf-with-dsym";
				ENABLE_NS_ASSERTIONS = NO;
				ENABLE_STRICT_OBJC_MSGSEND = YES;
				GCC_C_LANGUAGE_STANDARD = gnu11;
				GCC_NO_COMMON_BLOCKS = YES;
				GCC_WARN_64_TO_32_BIT_CONVERSION = YES;
				GCC_WARN_ABOUT_RETURN_TYPE = YES_ERROR;
				GCC_WARN_UNDECLARED_SELECTOR = YES;
				GCC_WARN_UNINITIALIZED_AUTOS = YES_AGGRESSIVE;
				GCC_WARN_UNUSED_FUNCTION = YES;
				GCC_WARN_UNUSED_VARIABLE = YES;
				IPHONEOS_DEPLOYMENT_TARGET = 12.2;
				MTL_ENABLE_DEBUG_INFO = NO;
				MTL_FAST_MATH = YES;
				SDKROOT = iphoneos;
				VALIDATE_PRODUCT = YES;
			};
			name = Release;
		};
		25ECAFE322C3EB1D006394B9 /* Debug */ = {
			isa = XCBuildConfiguration;
			baseConfigurationReference = 186BEB50F5463CA6A4373E26 /* Pods-flixster.debug.xcconfig */;
			buildSettings = {
				ASSETCATALOG_COMPILER_APPICON_NAME = AppIcon;
				CODE_SIGN_STYLE = Automatic;
				INFOPLIST_FILE = flixster/Info.plist;
				LD_RUNPATH_SEARCH_PATHS = (
					"$(inherited)",
					"@executable_path/Frameworks",
				);
				PRODUCT_BUNDLE_IDENTIFIER = "com.franklin.boampong-icloud.com.flixster";
				PRODUCT_NAME = "$(TARGET_NAME)";
				TARGETED_DEVICE_FAMILY = "1,2";
			};
			name = Debug;
		};
		25ECAFE422C3EB1D006394B9 /* Release */ = {
			isa = XCBuildConfiguration;
			baseConfigurationReference = A009852177EB5ECCA0B6FD77 /* Pods-flixster.release.xcconfig */;
			buildSettings = {
				ASSETCATALOG_COMPILER_APPICON_NAME = AppIcon;
				CODE_SIGN_STYLE = Automatic;
				INFOPLIST_FILE = flixster/Info.plist;
				LD_RUNPATH_SEARCH_PATHS = (
					"$(inherited)",
					"@executable_path/Frameworks",
				);
				PRODUCT_BUNDLE_IDENTIFIER = "com.franklin.boampong-icloud.com.flixster";
				PRODUCT_NAME = "$(TARGET_NAME)";
				TARGETED_DEVICE_FAMILY = "1,2";
			};
			name = Release;
		};
		25ECAFE622C3EB1D006394B9 /* Debug */ = {
			isa = XCBuildConfiguration;
			baseConfigurationReference = 69E4E1DEB4B36B03BE9AB65F /* Pods-flixsterTests.debug.xcconfig */;
			buildSettings = {
				BUNDLE_LOADER = "$(TEST_HOST)";
				CODE_SIGN_STYLE = Automatic;
				INFOPLIST_FILE = flixsterTests/Info.plist;
				LD_RUNPATH_SEARCH_PATHS = (
					"$(inherited)",
					"@executable_path/Frameworks",
					"@loader_path/Frameworks",
				);
				PRODUCT_BUNDLE_IDENTIFIER = "com.franklin.boampong-icloud.com.flixsterTests";
				PRODUCT_NAME = "$(TARGET_NAME)";
				TARGETED_DEVICE_FAMILY = "1,2";
				TEST_HOST = "$(BUILT_PRODUCTS_DIR)/flixster.app/flixster";
			};
			name = Debug;
		};
		25ECAFE722C3EB1D006394B9 /* Release */ = {
			isa = XCBuildConfiguration;
			baseConfigurationReference = 581A7BE629F0CAB6E3485512 /* Pods-flixsterTests.release.xcconfig */;
			buildSettings = {
				BUNDLE_LOADER = "$(TEST_HOST)";
				CODE_SIGN_STYLE = Automatic;
				INFOPLIST_FILE = flixsterTests/Info.plist;
				LD_RUNPATH_SEARCH_PATHS = (
					"$(inherited)",
					"@executable_path/Frameworks",
					"@loader_path/Frameworks",
				);
				PRODUCT_BUNDLE_IDENTIFIER = "com.franklin.boampong-icloud.com.flixsterTests";
				PRODUCT_NAME = "$(TARGET_NAME)";
				TARGETED_DEVICE_FAMILY = "1,2";
				TEST_HOST = "$(BUILT_PRODUCTS_DIR)/flixster.app/flixster";
			};
			name = Release;
		};
		25ECAFE922C3EB1D006394B9 /* Debug */ = {
			isa = XCBuildConfiguration;
			baseConfigurationReference = 0B5A3C56D7498E85A79A6762 /* Pods-flixsterUITests.debug.xcconfig */;
			buildSettings = {
				CODE_SIGN_STYLE = Automatic;
				INFOPLIST_FILE = flixsterUITests/Info.plist;
				LD_RUNPATH_SEARCH_PATHS = (
					"$(inherited)",
					"@executable_path/Frameworks",
					"@loader_path/Frameworks",
				);
				PRODUCT_BUNDLE_IDENTIFIER = "com.franklin.boampong-icloud.com.flixsterUITests";
				PRODUCT_NAME = "$(TARGET_NAME)";
				TARGETED_DEVICE_FAMILY = "1,2";
				TEST_TARGET_NAME = flixster;
			};
			name = Debug;
		};
		25ECAFEA22C3EB1D006394B9 /* Release */ = {
			isa = XCBuildConfiguration;
			baseConfigurationReference = FE49E0B1E4F8B8BAA18A714A /* Pods-flixsterUITests.release.xcconfig */;
			buildSettings = {
				CODE_SIGN_STYLE = Automatic;
				INFOPLIST_FILE = flixsterUITests/Info.plist;
				LD_RUNPATH_SEARCH_PATHS = (
					"$(inherited)",
					"@executable_path/Frameworks",
					"@loader_path/Frameworks",
				);
				PRODUCT_BUNDLE_IDENTIFIER = "com.franklin.boampong-icloud.com.flixsterUITests";
				PRODUCT_NAME = "$(TARGET_NAME)";
				TARGETED_DEVICE_FAMILY = "1,2";
				TEST_TARGET_NAME = flixster;
			};
			name = Release;
		};
/* End XCBuildConfiguration section */

/* Begin XCConfigurationList section */
		25ECAFB122C3EB1D006394B9 /* Build configuration list for PBXProject "flixster" */ = {
			isa = XCConfigurationList;
			buildConfigurations = (
				25ECAFE022C3EB1D006394B9 /* Debug */,
				25ECAFE122C3EB1D006394B9 /* Release */,
			);
			defaultConfigurationIsVisible = 0;
			defaultConfigurationName = Release;
		};
		25ECAFE222C3EB1D006394B9 /* Build configuration list for PBXNativeTarget "flixster" */ = {
			isa = XCConfigurationList;
			buildConfigurations = (
				25ECAFE322C3EB1D006394B9 /* Debug */,
				25ECAFE422C3EB1D006394B9 /* Release */,
			);
			defaultConfigurationIsVisible = 0;
			defaultConfigurationName = Release;
		};
		25ECAFE522C3EB1D006394B9 /* Build configuration list for PBXNativeTarget "flixsterTests" */ = {
			isa = XCConfigurationList;
			buildConfigurations = (
				25ECAFE622C3EB1D006394B9 /* Debug */,
				25ECAFE722C3EB1D006394B9 /* Release */,
			);
			defaultConfigurationIsVisible = 0;
			defaultConfigurationName = Release;
		};
		25ECAFE822C3EB1D006394B9 /* Build configuration list for PBXNativeTarget "flixsterUITests" */ = {
			isa = XCConfigurationList;
			buildConfigurations = (
				25ECAFE922C3EB1D006394B9 /* Debug */,
				25ECAFEA22C3EB1D006394B9 /* Release */,
			);
			defaultConfigurationIsVisible = 0;
			defaultConfigurationName = Release;
		};
/* End XCConfigurationList section */
	};
	rootObject = 25ECAFAE22C3EB1D006394B9 /* Project object */;
}
